
Microsoft Visual Studio Solution File, Format Version 12.00
# Visual Studio Version 17
VisualStudioVersion = 17.4.33213.308
MinimumVisualStudioVersion = 10.0.40219.1
Project("{FAE04EC0-301F-11D3-BF4B-00C04F79EFBC}") = "数据库悲观并发", "数据库悲观并发.csproj", "{48641C7C-13C1-4571-8EE2-0E7F15978174}"
EndProject
Global
	GlobalSection(SolutionConfigurationPlatforms) = preSolution
		Debug|Any CPU = Debug|Any CPU
		Release|Any CPU = Release|Any CPU
	EndGlobalSection
	GlobalSection(ProjectConfigurationPlatforms) = postSolution
		{48641C7C-13C1-4571-8EE2-0E7F15978174}.Debug|Any CPU.ActiveCfg = Debug|Any CPU
		{48641C7C-13C1-4571-8EE2-0E7F15978174}.Debug|Any CPU.Build.0 = Debug|Any CPU
		{48641C7C-13C1-4571-8EE2-0E7F15978174}.Release|Any CPU.ActiveCfg = Release|Any CPU
		{48641C7C-13C1-4571-8EE2-0E7F15978174}.Release|Any CPU.Build.0 = Release|Any CPU
	EndGlobalSection
	GlobalSection(SolutionProperties) = preSolution
		HideSolutionNode = FALSE
	EndGlobalSection
	GlobalSection(ExtensibilityGlobals) = postSolution
		SolutionGuid = {742BD90F-7AC6-4760-A29E-A5B06627A85D}
	EndGlobalSection
EndGlobal
