
Microsoft Visual Studio Solution File, Format Version 12.00
# Visual Studio Version 16
VisualStudioVersion = 16.0.33027.164
MinimumVisualStudioVersion = 10.0.40219.1
Project("{FAE04EC0-301F-11D3-BF4B-00C04F79EFBC}") = "Log", "Log.csproj", "{441B24D6-7D25-4773-BA74-17FE8038740C}"
EndProject
Global
	GlobalSection(SolutionConfigurationPlatforms) = preSolution
		Debug|Any CPU = Debug|Any CPU
		Release|Any CPU = Release|Any CPU
	EndGlobalSection
	GlobalSection(ProjectConfigurationPlatforms) = postSolution
		{441B24D6-7D25-4773-BA74-17FE8038740C}.Debug|Any CPU.ActiveCfg = Debug|Any CPU
		{441B24D6-7D25-4773-BA74-17FE8038740C}.Debug|Any CPU.Build.0 = Debug|Any CPU
		{441B24D6-7D25-4773-BA74-17FE8038740C}.Release|Any CPU.ActiveCfg = Release|Any CPU
		{441B24D6-7D25-4773-BA74-17FE8038740C}.Release|Any CPU.Build.0 = Release|Any CPU
	EndGlobalSection
	GlobalSection(SolutionProperties) = preSolution
		HideSolutionNode = FALSE
	EndGlobalSection
	GlobalSection(ExtensibilityGlobals) = postSolution
		SolutionGuid = {A67AF98C-5A20-42C3-8701-781A07375137}
	EndGlobalSection
EndGlobal
