
Microsoft Visual Studio Solution File, Format Version 12.00
# Visual Studio Version 17
VisualStudioVersion = 17.4.33213.308
MinimumVisualStudioVersion = 10.0.40219.1
Project("{9A19103F-16F7-4668-BE54-9A1E7A4F7556}") = "Sender", "Sender\Sender.csproj", "{3A8248CB-BBB0-44A6-B4D6-BDB06FA55BAD}"
EndProject
Project("{FAE04EC0-301F-11D3-BF4B-00C04F79EFBC}") = "Receiver", "Receiver\Receiver.csproj", "{362FBE38-EE01-4723-95AA-8B1EA86C286D}"
EndProject
Global
	GlobalSection(SolutionConfigurationPlatforms) = preSolution
		Debug|Any CPU = Debug|Any CPU
		Release|Any CPU = Release|Any CPU
	EndGlobalSection
	GlobalSection(ProjectConfigurationPlatforms) = postSolution
		{3A8248CB-BBB0-44A6-B4D6-BDB06FA55BAD}.Debug|Any CPU.ActiveCfg = Debug|Any CPU
		{3A8248CB-BBB0-44A6-B4D6-BDB06FA55BAD}.Debug|Any CPU.Build.0 = Debug|Any CPU
		{3A8248CB-BBB0-44A6-B4D6-BDB06FA55BAD}.Release|Any CPU.ActiveCfg = Release|Any CPU
		{3A8248CB-BBB0-44A6-B4D6-BDB06FA55BAD}.Release|Any CPU.Build.0 = Release|Any CPU
		{362FBE38-EE01-4723-95AA-8B1EA86C286D}.Debug|Any CPU.ActiveCfg = Debug|Any CPU
		{362FBE38-EE01-4723-95AA-8B1EA86C286D}.Debug|Any CPU.Build.0 = Debug|Any CPU
		{362FBE38-EE01-4723-95AA-8B1EA86C286D}.Release|Any CPU.ActiveCfg = Release|Any CPU
		{362FBE38-EE01-4723-95AA-8B1EA86C286D}.Release|Any CPU.Build.0 = Release|Any CPU
	EndGlobalSection
	GlobalSection(SolutionProperties) = preSolution
		HideSolutionNode = FALSE
	EndGlobalSection
	GlobalSection(ExtensibilityGlobals) = postSolution
		SolutionGuid = {0E79A20F-5A8D-45AD-B02E-3330D0FF5E40}
	EndGlobalSection
EndGlobal
