
Microsoft Visual Studio Solution File, Format Version 12.00
# Visual Studio Version 17
VisualStudioVersion = 17.4.33213.308
MinimumVisualStudioVersion = 10.0.40219.1
Project("{FAE04EC0-301F-11D3-BF4B-00C04F79EFBC}") = "EFCoreDatabase", "EFCoreDatabase.csproj", "{6948BEA0-AEAE-456B-8071-946ACEA2D9BC}"
EndProject
Project("{FAE04EC0-301F-11D3-BF4B-00C04F79EFBC}") = "Domain", "..\Domain\Domain.csproj", "{B00279E5-694F-4AEE-96E6-E91090291930}"
EndProject
Project("{FAE04EC0-301F-11D3-BF4B-00C04F79EFBC}") = "Infrastructure", "..\Infrastructure\Infrastructure.csproj", "{DBA52414-A5E2-48D4-973C-363C415097F9}"
EndProject
Global
	GlobalSection(SolutionConfigurationPlatforms) = preSolution
		Debug|Any CPU = Debug|Any CPU
		Release|Any CPU = Release|Any CPU
	EndGlobalSection
	GlobalSection(ProjectConfigurationPlatforms) = postSolution
		{6948BEA0-AEAE-456B-8071-946ACEA2D9BC}.Debug|Any CPU.ActiveCfg = Debug|Any CPU
		{6948BEA0-AEAE-456B-8071-946ACEA2D9BC}.Debug|Any CPU.Build.0 = Debug|Any CPU
		{6948BEA0-AEAE-456B-8071-946ACEA2D9BC}.Release|Any CPU.ActiveCfg = Release|Any CPU
		{6948BEA0-AEAE-456B-8071-946ACEA2D9BC}.Release|Any CPU.Build.0 = Release|Any CPU
		{B00279E5-694F-4AEE-96E6-E91090291930}.Debug|Any CPU.ActiveCfg = Debug|Any CPU
		{B00279E5-694F-4AEE-96E6-E91090291930}.Debug|Any CPU.Build.0 = Debug|Any CPU
		{B00279E5-694F-4AEE-96E6-E91090291930}.Release|Any CPU.ActiveCfg = Release|Any CPU
		{B00279E5-694F-4AEE-96E6-E91090291930}.Release|Any CPU.Build.0 = Release|Any CPU
		{DBA52414-A5E2-48D4-973C-363C415097F9}.Debug|Any CPU.ActiveCfg = Debug|Any CPU
		{DBA52414-A5E2-48D4-973C-363C415097F9}.Debug|Any CPU.Build.0 = Debug|Any CPU
		{DBA52414-A5E2-48D4-973C-363C415097F9}.Release|Any CPU.ActiveCfg = Release|Any CPU
		{DBA52414-A5E2-48D4-973C-363C415097F9}.Release|Any CPU.Build.0 = Release|Any CPU
	EndGlobalSection
	GlobalSection(SolutionProperties) = preSolution
		HideSolutionNode = FALSE
	EndGlobalSection
	GlobalSection(ExtensibilityGlobals) = postSolution
		SolutionGuid = {65472ECA-2AE6-42E4-967C-11E8591725C9}
	EndGlobalSection
EndGlobal
