
Microsoft Visual Studio Solution File, Format Version 12.00
# Visual Studio Version 16
VisualStudioVersion = 16.0.33027.164
MinimumVisualStudioVersion = 10.0.40219.1
Project("{FAE04EC0-301F-11D3-BF4B-00C04F79EFBC}") = "Demo.Application", "..\Demo.Application\Demo.Application.csproj", "{0BE1AD3E-9302-43E6-8318-EFA03D68FCDD}"
EndProject
Project("{FAE04EC0-301F-11D3-BF4B-00C04F79EFBC}") = "Dome.Domain", "..\Dome.Domain\Dome.Domain.csproj", "{94B7A4DA-D0A4-43E8-9616-C21C333AA621}"
EndProject
Project("{FAE04EC0-301F-11D3-BF4B-00C04F79EFBC}") = "依赖注入.Api", "..\依赖注入.Api\依赖注入.Api.csproj", "{44CD1F95-59C1-4453-8BCF-899EDCC53ABD}"
EndProject
Project("{FAE04EC0-301F-11D3-BF4B-00C04F79EFBC}") = "实现类.Data.EF", "..\实现类.Data.EF\实现类.Data.EF.csproj", "{4177B81D-E65E-417A-A8D9-1D0CF18E9BB6}"
EndProject
Project("{FAE04EC0-301F-11D3-BF4B-00C04F79EFBC}") = "实现类.Data.NH", "..\实现类.Data.NH\实现类.Data.NH.csproj", "{1B011514-6467-4215-9167-C04F970F0A1F}"
EndProject
Global
	GlobalSection(SolutionConfigurationPlatforms) = preSolution
		Debug|Any CPU = Debug|Any CPU
		Release|Any CPU = Release|Any CPU
	EndGlobalSection
	GlobalSection(ProjectConfigurationPlatforms) = postSolution
		{0BE1AD3E-9302-43E6-8318-EFA03D68FCDD}.Debug|Any CPU.ActiveCfg = Debug|Any CPU
		{0BE1AD3E-9302-43E6-8318-EFA03D68FCDD}.Debug|Any CPU.Build.0 = Debug|Any CPU
		{0BE1AD3E-9302-43E6-8318-EFA03D68FCDD}.Release|Any CPU.ActiveCfg = Release|Any CPU
		{0BE1AD3E-9302-43E6-8318-EFA03D68FCDD}.Release|Any CPU.Build.0 = Release|Any CPU
		{94B7A4DA-D0A4-43E8-9616-C21C333AA621}.Debug|Any CPU.ActiveCfg = Debug|Any CPU
		{94B7A4DA-D0A4-43E8-9616-C21C333AA621}.Debug|Any CPU.Build.0 = Debug|Any CPU
		{94B7A4DA-D0A4-43E8-9616-C21C333AA621}.Release|Any CPU.ActiveCfg = Release|Any CPU
		{94B7A4DA-D0A4-43E8-9616-C21C333AA621}.Release|Any CPU.Build.0 = Release|Any CPU
		{44CD1F95-59C1-4453-8BCF-899EDCC53ABD}.Debug|Any CPU.ActiveCfg = Debug|Any CPU
		{44CD1F95-59C1-4453-8BCF-899EDCC53ABD}.Debug|Any CPU.Build.0 = Debug|Any CPU
		{44CD1F95-59C1-4453-8BCF-899EDCC53ABD}.Release|Any CPU.ActiveCfg = Release|Any CPU
		{44CD1F95-59C1-4453-8BCF-899EDCC53ABD}.Release|Any CPU.Build.0 = Release|Any CPU
		{4177B81D-E65E-417A-A8D9-1D0CF18E9BB6}.Debug|Any CPU.ActiveCfg = Debug|Any CPU
		{4177B81D-E65E-417A-A8D9-1D0CF18E9BB6}.Debug|Any CPU.Build.0 = Debug|Any CPU
		{4177B81D-E65E-417A-A8D9-1D0CF18E9BB6}.Release|Any CPU.ActiveCfg = Release|Any CPU
		{4177B81D-E65E-417A-A8D9-1D0CF18E9BB6}.Release|Any CPU.Build.0 = Release|Any CPU
		{1B011514-6467-4215-9167-C04F970F0A1F}.Debug|Any CPU.ActiveCfg = Debug|Any CPU
		{1B011514-6467-4215-9167-C04F970F0A1F}.Debug|Any CPU.Build.0 = Debug|Any CPU
		{1B011514-6467-4215-9167-C04F970F0A1F}.Release|Any CPU.ActiveCfg = Release|Any CPU
		{1B011514-6467-4215-9167-C04F970F0A1F}.Release|Any CPU.Build.0 = Release|Any CPU
	EndGlobalSection
	GlobalSection(SolutionProperties) = preSolution
		HideSolutionNode = FALSE
	EndGlobalSection
	GlobalSection(ExtensibilityGlobals) = postSolution
		SolutionGuid = {A9E013CE-DD04-4E94-ABBC-2030D28A0E9D}
	EndGlobalSection
EndGlobal
