
Microsoft Visual Studio Solution File, Format Version 12.00
# Visual Studio Version 17
VisualStudioVersion = 17.4.33213.308
MinimumVisualStudioVersion = 10.0.40219.1
Project("{9A19103F-16F7-4668-BE54-9A1E7A4F7556}") = "MediatRTest", "MediatRTest.csproj", "{989874B3-E61E-42B9-82E8-697692EB6D8A}"
EndProject
Global
	GlobalSection(SolutionConfigurationPlatforms) = preSolution
		Debug|Any CPU = Debug|Any CPU
		Release|Any CPU = Release|Any CPU
	EndGlobalSection
	GlobalSection(ProjectConfigurationPlatforms) = postSolution
		{989874B3-E61E-42B9-82E8-697692EB6D8A}.Debug|Any CPU.ActiveCfg = Debug|Any CPU
		{989874B3-E61E-42B9-82E8-697692EB6D8A}.Debug|Any CPU.Build.0 = Debug|Any CPU
		{989874B3-E61E-42B9-82E8-697692EB6D8A}.Release|Any CPU.ActiveCfg = Release|Any CPU
		{989874B3-E61E-42B9-82E8-697692EB6D8A}.Release|Any CPU.Build.0 = Release|Any CPU
	EndGlobalSection
	GlobalSection(SolutionProperties) = preSolution
		HideSolutionNode = FALSE
	EndGlobalSection
	GlobalSection(ExtensibilityGlobals) = postSolution
		SolutionGuid = {EFB27664-347D-4BE7-AC8B-4B120460F342}
	EndGlobalSection
EndGlobal
